
Microsoft Visual Studio Solution File, Format Version 12.00
# Visual Studio 15
VisualStudioVersion = 15.0.26124.0
MinimumVisualStudioVersion = 15.0.26124.0
Project("{FAE04EC0-301F-11D3-BF4B-00C04F79EFBC}") = "Domain", "Domain\Domain.csproj", "{2AD2CC46-97EF-4FCB-A787-4CD8E209002D}"
EndProject
Project("{FAE04EC0-301F-11D3-BF4B-00C04F79EFBC}") = "Application", "Application\Application.csproj", "{939CBA14-AD51-4203-A7BA-996353F85EC2}"
EndProject
Project("{FAE04EC0-301F-11D3-BF4B-00C04F79EFBC}") = "Persistence", "Persistence\Persistence.csproj", "{B81D41EC-BE6A-49A4-8BA5-DA9C01566087}"
EndProject
Project("{FAE04EC0-301F-11D3-BF4B-00C04F79EFBC}") = "API", "API\API.csproj", "{420CEAB8-C878-47B9-913B-C6F63766DFD4}"
EndProject
Global
	GlobalSection(SolutionConfigurationPlatforms) = preSolution
		Debug|Any CPU = Debug|Any CPU
		Debug|x64 = Debug|x64
		Debug|x86 = Debug|x86
		Release|Any CPU = Release|Any CPU
		Release|x64 = Release|x64
		Release|x86 = Release|x86
	EndGlobalSection
	GlobalSection(SolutionProperties) = preSolution
		HideSolutionNode = FALSE
	EndGlobalSection
	GlobalSection(ProjectConfigurationPlatforms) = postSolution
		{2AD2CC46-97EF-4FCB-A787-4CD8E209002D}.Debug|Any CPU.ActiveCfg = Debug|Any CPU
		{2AD2CC46-97EF-4FCB-A787-4CD8E209002D}.Debug|Any CPU.Build.0 = Debug|Any CPU
		{2AD2CC46-97EF-4FCB-A787-4CD8E209002D}.Debug|x64.ActiveCfg = Debug|Any CPU
		{2AD2CC46-97EF-4FCB-A787-4CD8E209002D}.Debug|x64.Build.0 = Debug|Any CPU
		{2AD2CC46-97EF-4FCB-A787-4CD8E209002D}.Debug|x86.ActiveCfg = Debug|Any CPU
		{2AD2CC46-97EF-4FCB-A787-4CD8E209002D}.Debug|x86.Build.0 = Debug|Any CPU
		{2AD2CC46-97EF-4FCB-A787-4CD8E209002D}.Release|Any CPU.ActiveCfg = Release|Any CPU
		{2AD2CC46-97EF-4FCB-A787-4CD8E209002D}.Release|Any CPU.Build.0 = Release|Any CPU
		{2AD2CC46-97EF-4FCB-A787-4CD8E209002D}.Release|x64.ActiveCfg = Release|Any CPU
		{2AD2CC46-97EF-4FCB-A787-4CD8E209002D}.Release|x64.Build.0 = Release|Any CPU
		{2AD2CC46-97EF-4FCB-A787-4CD8E209002D}.Release|x86.ActiveCfg = Release|Any CPU
		{2AD2CC46-97EF-4FCB-A787-4CD8E209002D}.Release|x86.Build.0 = Release|Any CPU
		{939CBA14-AD51-4203-A7BA-996353F85EC2}.Debug|Any CPU.ActiveCfg = Debug|Any CPU
		{939CBA14-AD51-4203-A7BA-996353F85EC2}.Debug|Any CPU.Build.0 = Debug|Any CPU
		{939CBA14-AD51-4203-A7BA-996353F85EC2}.Debug|x64.ActiveCfg = Debug|Any CPU
		{939CBA14-AD51-4203-A7BA-996353F85EC2}.Debug|x64.Build.0 = Debug|Any CPU
		{939CBA14-AD51-4203-A7BA-996353F85EC2}.Debug|x86.ActiveCfg = Debug|Any CPU
		{939CBA14-AD51-4203-A7BA-996353F85EC2}.Debug|x86.Build.0 = Debug|Any CPU
		{939CBA14-AD51-4203-A7BA-996353F85EC2}.Release|Any CPU.ActiveCfg = Release|Any CPU
		{939CBA14-AD51-4203-A7BA-996353F85EC2}.Release|Any CPU.Build.0 = Release|Any CPU
		{939CBA14-AD51-4203-A7BA-996353F85EC2}.Release|x64.ActiveCfg = Release|Any CPU
		{939CBA14-AD51-4203-A7BA-996353F85EC2}.Release|x64.Build.0 = Release|Any CPU
		{939CBA14-AD51-4203-A7BA-996353F85EC2}.Release|x86.ActiveCfg = Release|Any CPU
		{939CBA14-AD51-4203-A7BA-996353F85EC2}.Release|x86.Build.0 = Release|Any CPU
		{B81D41EC-BE6A-49A4-8BA5-DA9C01566087}.Debug|Any CPU.ActiveCfg = Debug|Any CPU
		{B81D41EC-BE6A-49A4-8BA5-DA9C01566087}.Debug|Any CPU.Build.0 = Debug|Any CPU
		{B81D41EC-BE6A-49A4-8BA5-DA9C01566087}.Debug|x64.ActiveCfg = Debug|Any CPU
		{B81D41EC-BE6A-49A4-8BA5-DA9C01566087}.Debug|x64.Build.0 = Debug|Any CPU
		{B81D41EC-BE6A-49A4-8BA5-DA9C01566087}.Debug|x86.ActiveCfg = Debug|Any CPU
		{B81D41EC-BE6A-49A4-8BA5-DA9C01566087}.Debug|x86.Build.0 = Debug|Any CPU
		{B81D41EC-BE6A-49A4-8BA5-DA9C01566087}.Release|Any CPU.ActiveCfg = Release|Any CPU
		{B81D41EC-BE6A-49A4-8BA5-DA9C01566087}.Release|Any CPU.Build.0 = Release|Any CPU
		{B81D41EC-BE6A-49A4-8BA5-DA9C01566087}.Release|x64.ActiveCfg = Release|Any CPU
		{B81D41EC-BE6A-49A4-8BA5-DA9C01566087}.Release|x64.Build.0 = Release|Any CPU
		{B81D41EC-BE6A-49A4-8BA5-DA9C01566087}.Release|x86.ActiveCfg = Release|Any CPU
		{B81D41EC-BE6A-49A4-8BA5-DA9C01566087}.Release|x86.Build.0 = Release|Any CPU
		{420CEAB8-C878-47B9-913B-C6F63766DFD4}.Debug|Any CPU.ActiveCfg = Debug|Any CPU
		{420CEAB8-C878-47B9-913B-C6F63766DFD4}.Debug|Any CPU.Build.0 = Debug|Any CPU
		{420CEAB8-C878-47B9-913B-C6F63766DFD4}.Debug|x64.ActiveCfg = Debug|Any CPU
		{420CEAB8-C878-47B9-913B-C6F63766DFD4}.Debug|x64.Build.0 = Debug|Any CPU
		{420CEAB8-C878-47B9-913B-C6F63766DFD4}.Debug|x86.ActiveCfg = Debug|Any CPU
		{420CEAB8-C878-47B9-913B-C6F63766DFD4}.Debug|x86.Build.0 = Debug|Any CPU
		{420CEAB8-C878-47B9-913B-C6F63766DFD4}.Release|Any CPU.ActiveCfg = Release|Any CPU
		{420CEAB8-C878-47B9-913B-C6F63766DFD4}.Release|Any CPU.Build.0 = Release|Any CPU
		{420CEAB8-C878-47B9-913B-C6F63766DFD4}.Release|x64.ActiveCfg = Release|Any CPU
		{420CEAB8-C878-47B9-913B-C6F63766DFD4}.Release|x64.Build.0 = Release|Any CPU
		{420CEAB8-C878-47B9-913B-C6F63766DFD4}.Release|x86.ActiveCfg = Release|Any CPU
		{420CEAB8-C878-47B9-913B-C6F63766DFD4}.Release|x86.Build.0 = Release|Any CPU
	EndGlobalSection
EndGlobal
